
Microsoft Visual Studio Solution File, Format Version 12.00
# Visual Studio 15
VisualStudioVersion = 15.0.28010.2003
MinimumVisualStudioVersion = 10.0.40219.1
Project("{FAE04EC0-301F-11D3-BF4B-00C04F79EFBC}") = "Assignment_2", "Assignment_2\Assignment_2.csproj", "{53B1E0E6-FBEA-4466-8F22-183A83B21F12}"
EndProject
Global
	GlobalSection(SolutionConfigurationPlatforms) = preSolution
		Debug|Any CPU = Debug|Any CPU
		Release|Any CPU = Release|Any CPU
	EndGlobalSection
	GlobalSection(ProjectConfigurationPlatforms) = postSolution
		{53B1E0E6-FBEA-4466-8F22-183A83B21F12}.Debug|Any CPU.ActiveCfg = Debug|Any CPU
		{53B1E0E6-FBEA-4466-8F22-183A83B21F12}.Debug|Any CPU.Build.0 = Debug|Any CPU
		{53B1E0E6-FBEA-4466-8F22-183A83B21F12}.Release|Any CPU.ActiveCfg = Release|Any CPU
		{53B1E0E6-FBEA-4466-8F22-183A83B21F12}.Release|Any CPU.Build.0 = Release|Any CPU
	EndGlobalSection
	GlobalSection(SolutionProperties) = preSolution
		HideSolutionNode = FALSE
	EndGlobalSection
	GlobalSection(ExtensibilityGlobals) = postSolution
		SolutionGuid = {41A048D9-D780-4528-8A03-7DA814CA9FB8}
	EndGlobalSection
EndGlobal
